<?xml version="1.0" encoding="utf-8"?>
<Project ToolsVersion="4.0" xmlns="http://schemas.microsoft.com/developer/msbuild/2003">
  <ItemGroup>
    <Filter Include="Scene">
      <UniqueIdentifier>{37fb78dd-a027-4756-9c02-7957bc1d4956}</UniqueIdentifier>
    </Filter>
    <Filter Include="Scene\TestScene">
      <UniqueIdentifier>{7e15f48a-acb1-43e3-9ca5-b1db227f7b35}</UniqueIdentifier>
    </Filter>
    <Filter Include="Scene\TestScene2">
      <UniqueIdentifier>{6c38a05c-f2b2-4874-84f4-8553092f69ca}</UniqueIdentifier>
    </Filter>
  </ItemGroup>
  <ItemGroup>
    <ClCompile Include="..\Engine_SOURCE\TestScene.cpp">
      <Filter>Scene\TestScene</Filter>
    </ClCompile>
    <ClCompile Include="TestScene2.cpp">
      <Filter>Scene\TestScene2</Filter>
    </ClCompile>
  </ItemGroup>
  <ItemGroup>
    <ClInclude Include="..\Engine_SOURCE\TestScene.h">
      <Filter>Scene\TestScene</Filter>
    </ClInclude>
    <ClInclude Include="LoadScene.h">
      <Filter>Scene</Filter>
    </ClInclude>
    <ClInclude Include="TestScene2.h">
      <Filter>Scene\TestScene2</Filter>
    </ClInclude>
  </ItemGroup>
</Project>