<?xml version="1.0" encoding="utf-8"?>
<Project ToolsVersion="4.0" xmlns="http://schemas.microsoft.com/developer/msbuild/2003">
  <ItemGroup>
    <Filter Include="CommonInclude">
      <UniqueIdentifier>{5bc0050c-d82e-4f9c-902e-fa7f2538942b}</UniqueIdentifier>
    </Filter>
    <Filter Include="GameObject">
      <UniqueIdentifier>{56659890-c0be-45f2-8c9b-f2d8935cd014}</UniqueIdentifier>
    </Filter>
    <Filter Include="Component">
      <UniqueIdentifier>{e05a3603-f3c5-4924-9888-2901fa99d16d}</UniqueIdentifier>
    </Filter>
    <Filter Include="Entity">
      <UniqueIdentifier>{8cb449ff-eae7-466b-9577-e0eef8669842}</UniqueIdentifier>
    </Filter>
    <Filter Include="Component\Component">
      <UniqueIdentifier>{31bb2fcb-5823-4fcd-a216-fec424afba9b}</UniqueIdentifier>
    </Filter>
    <Filter Include="MouseMgr">
      <UniqueIdentifier>{68ca8c92-0186-44c2-9703-1e6f582950b2}</UniqueIdentifier>
    </Filter>
    <Filter Include="KeyMgr">
      <UniqueIdentifier>{9542921c-0eb0-4e23-9103-93ef7bde182e}</UniqueIdentifier>
    </Filter>
    <Filter Include="Component\Component\MouseEventReceiver">
      <UniqueIdentifier>{4acabd1f-ddda-446f-b530-c00b27447901}</UniqueIdentifier>
    </Filter>
    <Filter Include="Component\Component\KeyEventReceiver">
      <UniqueIdentifier>{2aef4163-1917-47ba-a404-1550689c5e48}</UniqueIdentifier>
    </Filter>
  </ItemGroup>
  <ItemGroup>
    <ClInclude Include="$(MSBuildThisFileDirectory)Common.h">
      <Filter>CommonInclude</Filter>
    </ClInclude>
    <ClInclude Include="$(MSBuildThisFileDirectory)GameObject.h">
      <Filter>GameObject</Filter>
    </ClInclude>
    <ClInclude Include="$(MSBuildThisFileDirectory)Application.h" />
    <ClInclude Include="$(MSBuildThisFileDirectory)Entity.h">
      <Filter>Entity</Filter>
    </ClInclude>
    <ClInclude Include="$(MSBuildThisFileDirectory)Component.h">
      <Filter>Component\Component</Filter>
    </ClInclude>
    <ClInclude Include="$(MSBuildThisFileDirectory)MouseEventReceiver.h">
      <Filter>Component\Component\MouseEventReceiver</Filter>
    </ClInclude>
    <ClInclude Include="$(MSBuildThisFileDirectory)MouseMgr.h">
      <Filter>MouseMgr</Filter>
    </ClInclude>
    <ClInclude Include="$(MSBuildThisFileDirectory)KeyMgr.h">
      <Filter>KeyMgr</Filter>
    </ClInclude>
    <ClInclude Include="$(MSBuildThisFileDirectory)KeyEventReceiver.h">
      <Filter>Component\Component\KeyEventReceiver</Filter>
    </ClInclude>
  </ItemGroup>
  <ItemGroup>
    <ClCompile Include="$(MSBuildThisFileDirectory)GameObject.cpp">
      <Filter>GameObject</Filter>
    </ClCompile>
    <ClCompile Include="$(MSBuildThisFileDirectory)Application.cpp" />
    <ClCompile Include="$(MSBuildThisFileDirectory)Entity.cpp">
      <Filter>Entity</Filter>
    </ClCompile>
    <ClCompile Include="$(MSBuildThisFileDirectory)Component.cpp">
      <Filter>Component\Component</Filter>
    </ClCompile>
    <ClCompile Include="$(MSBuildThisFileDirectory)MouseEventReceiver.cpp">
      <Filter>Component\Component\MouseEventReceiver</Filter>
    </ClCompile>
    <ClCompile Include="$(MSBuildThisFileDirectory)MouseMgr.cpp">
      <Filter>MouseMgr</Filter>
    </ClCompile>
    <ClCompile Include="$(MSBuildThisFileDirectory)KeyMgr.cpp">
      <Filter>KeyMgr</Filter>
    </ClCompile>
    <ClCompile Include="$(MSBuildThisFileDirectory)KeyEventReceiver.cpp">
      <Filter>Component\Component\KeyEventReceiver</Filter>
    </ClCompile>
  </ItemGroup>
</Project>