<?xml version="1.0" encoding="utf-8"?>
<Project ToolsVersion="4.0" xmlns="http://schemas.microsoft.com/developer/msbuild/2003">
  <ItemGroup>
    <Filter Include="CommonInclude">
      <UniqueIdentifier>{5bc0050c-d82e-4f9c-902e-fa7f2538942b}</UniqueIdentifier>
    </Filter>
    <Filter Include="GameObject">
      <UniqueIdentifier>{56659890-c0be-45f2-8c9b-f2d8935cd014}</UniqueIdentifier>
    </Filter>
    <Filter Include="Component">
      <UniqueIdentifier>{e05a3603-f3c5-4924-9888-2901fa99d16d}</UniqueIdentifier>
    </Filter>
    <Filter Include="Entity">
      <UniqueIdentifier>{8cb449ff-eae7-466b-9577-e0eef8669842}</UniqueIdentifier>
    </Filter>
    <Filter Include="Scene">
      <UniqueIdentifier>{3d24dea4-bf81-4bea-ad5f-2b0596618aa9}</UniqueIdentifier>
    </Filter>
    <Filter Include="GameObject\Player">
      <UniqueIdentifier>{6bd357c0-7bc3-430f-81a0-5f20c6bdea5c}</UniqueIdentifier>
    </Filter>
    <Filter Include="Component\Transform">
      <UniqueIdentifier>{be3aaf8e-28c0-43a9-8142-7e80e958c026}</UniqueIdentifier>
    </Filter>
    <Filter Include="Component\Transform\Transform">
      <UniqueIdentifier>{f5423a25-29be-41ca-a612-a0b73b9e9482}</UniqueIdentifier>
    </Filter>
    <Filter Include="Component\Transform\PlayerTransform">
      <UniqueIdentifier>{9a0d244e-0e1d-48bc-a679-97197ae2ca9b}</UniqueIdentifier>
    </Filter>
    <Filter Include="Manager">
      <UniqueIdentifier>{3f2b444b-73f9-4801-8aae-d81ed25059e6}</UniqueIdentifier>
    </Filter>
    <Filter Include="Manager\SceneMgr">
      <UniqueIdentifier>{0e187777-caee-4d05-98dc-3ebe272a7444}</UniqueIdentifier>
    </Filter>
    <Filter Include="Manager\KeyMgr">
      <UniqueIdentifier>{9542921c-0eb0-4e23-9103-93ef7bde182e}</UniqueIdentifier>
    </Filter>
    <Filter Include="Manager\MouseMgr">
      <UniqueIdentifier>{68ca8c92-0186-44c2-9703-1e6f582950b2}</UniqueIdentifier>
    </Filter>
    <Filter Include="Manager\TimeMgr">
      <UniqueIdentifier>{01dfabd1-a061-4554-aab6-16e08050a252}</UniqueIdentifier>
    </Filter>
    <Filter Include="Bitmap">
      <UniqueIdentifier>{2accad72-ca93-42b3-911c-cec3b9b94c29}</UniqueIdentifier>
    </Filter>
    <Filter Include="Component\RenderComponent">
      <UniqueIdentifier>{a689af2b-be7d-4836-af8e-cf281ea70398}</UniqueIdentifier>
    </Filter>
    <Filter Include="Component\RenderComponent\BasicRederer">
      <UniqueIdentifier>{20e4fa30-04dd-462f-bc2a-20633b09f904}</UniqueIdentifier>
    </Filter>
    <Filter Include="Component\RenderComponent\SpriteRenderer">
      <UniqueIdentifier>{3bc9c42a-993e-40d2-a912-c17e6f0a6d27}</UniqueIdentifier>
    </Filter>
    <Filter Include="Manager\PathMgr">
      <UniqueIdentifier>{bca345c0-f7d6-4ce3-8179-fd6a53429ca4}</UniqueIdentifier>
    </Filter>
    <Filter Include="Manager\ResourceMgr">
      <UniqueIdentifier>{f4762990-9412-41f1-97e3-e87e71ae8c75}</UniqueIdentifier>
    </Filter>
    <Filter Include="Resource">
      <UniqueIdentifier>{02dc3129-4d1e-45b6-977f-fd5c13be660d}</UniqueIdentifier>
    </Filter>
    <Filter Include="Resource\Texture">
      <UniqueIdentifier>{99e81e00-b47f-49bb-bff7-c9ea4c5ed29c}</UniqueIdentifier>
    </Filter>
    <Filter Include="Component\RenderComponent\Animator">
      <UniqueIdentifier>{0b08627f-f4f2-48e7-965e-9f6e1c3e4ffd}</UniqueIdentifier>
    </Filter>
    <Filter Include="Component\RenderComponent\BackGroundRenderer">
      <UniqueIdentifier>{ba336eab-ab51-4030-9f92-bd9686cb9be8}</UniqueIdentifier>
    </Filter>
    <Filter Include="GameObject\BackGround">
      <UniqueIdentifier>{ebf9a405-00b4-415c-bb56-7ddd4922358d}</UniqueIdentifier>
    </Filter>
    <Filter Include="Component\Transform\BackGroundTransform">
      <UniqueIdentifier>{2dbccd0a-fc9f-42d0-99cf-b87fedff262f}</UniqueIdentifier>
    </Filter>
  </ItemGroup>
  <ItemGroup>
    <ClInclude Include="$(MSBuildThisFileDirectory)Common.h">
      <Filter>CommonInclude</Filter>
    </ClInclude>
    <ClInclude Include="$(MSBuildThisFileDirectory)Application.h" />
    <ClInclude Include="$(MSBuildThisFileDirectory)Entity.h">
      <Filter>Entity</Filter>
    </ClInclude>
    <ClInclude Include="$(MSBuildThisFileDirectory)MouseMgr.h">
      <Filter>Manager\MouseMgr</Filter>
    </ClInclude>
    <ClInclude Include="$(MSBuildThisFileDirectory)KeyMgr.h">
      <Filter>Manager\KeyMgr</Filter>
    </ClInclude>
    <ClInclude Include="$(MSBuildThisFileDirectory)SceneMgr.h">
      <Filter>Manager\SceneMgr</Filter>
    </ClInclude>
    <ClInclude Include="$(MSBuildThisFileDirectory)Player.h">
      <Filter>GameObject\Player</Filter>
    </ClInclude>
    <ClInclude Include="$(MSBuildThisFileDirectory)MyMath.h">
      <Filter>CommonInclude</Filter>
    </ClInclude>
    <ClInclude Include="$(MSBuildThisFileDirectory)TransformComponent.h">
      <Filter>Component\Transform\Transform</Filter>
    </ClInclude>
    <ClInclude Include="$(MSBuildThisFileDirectory)PlayerTransform.h">
      <Filter>Component\Transform\PlayerTransform</Filter>
    </ClInclude>
    <ClInclude Include="$(MSBuildThisFileDirectory)BasicRenderer.h">
      <Filter>Component\RenderComponent\BasicRederer</Filter>
    </ClInclude>
    <ClInclude Include="$(MSBuildThisFileDirectory)Utility.h">
      <Filter>CommonInclude</Filter>
    </ClInclude>
    <ClInclude Include="$(MSBuildThisFileDirectory)TimeMgr.h">
      <Filter>Manager\TimeMgr</Filter>
    </ClInclude>
    <ClInclude Include="$(MSBuildThisFileDirectory)Scene.h">
      <Filter>Scene</Filter>
    </ClInclude>
    <ClInclude Include="$(MSBuildThisFileDirectory)Bitmap.h">
      <Filter>Bitmap</Filter>
    </ClInclude>
    <ClInclude Include="$(MSBuildThisFileDirectory)SpriteRenderer.h">
      <Filter>Component\RenderComponent\SpriteRenderer</Filter>
    </ClInclude>
    <ClInclude Include="$(MSBuildThisFileDirectory)PathMgr.h">
      <Filter>Manager\PathMgr</Filter>
    </ClInclude>
    <ClInclude Include="$(MSBuildThisFileDirectory)ResourceMgr.h">
      <Filter>Manager\ResourceMgr</Filter>
    </ClInclude>
    <ClInclude Include="$(MSBuildThisFileDirectory)GameObject.h">
      <Filter>GameObject</Filter>
    </ClInclude>
    <ClInclude Include="$(MSBuildThisFileDirectory)Component.h">
      <Filter>Component</Filter>
    </ClInclude>
    <ClInclude Include="$(MSBuildThisFileDirectory)Resource.h">
      <Filter>Resource</Filter>
    </ClInclude>
    <ClInclude Include="$(MSBuildThisFileDirectory)RenderComponent.h">
      <Filter>Component\RenderComponent</Filter>
    </ClInclude>
    <ClInclude Include="$(MSBuildThisFileDirectory)Texture.h">
      <Filter>Resource\Texture</Filter>
    </ClInclude>
    <ClInclude Include="$(MSBuildThisFileDirectory)Animator.h">
      <Filter>Component\RenderComponent\Animator</Filter>
    </ClInclude>
    <ClInclude Include="$(MSBuildThisFileDirectory)BackGroundRenderer.h">
      <Filter>Component\RenderComponent\BackGroundRenderer</Filter>
    </ClInclude>
    <ClInclude Include="$(MSBuildThisFileDirectory)BackGround.h">
      <Filter>GameObject\BackGround</Filter>
    </ClInclude>
    <ClInclude Include="$(MSBuildThisFileDirectory)BackGroundTransform.h">
      <Filter>Component\Transform\BackGroundTransform</Filter>
    </ClInclude>
  </ItemGroup>
  <ItemGroup>
    <ClCompile Include="$(MSBuildThisFileDirectory)Application.cpp" />
    <ClCompile Include="$(MSBuildThisFileDirectory)Entity.cpp">
      <Filter>Entity</Filter>
    </ClCompile>
    <ClCompile Include="$(MSBuildThisFileDirectory)MouseMgr.cpp">
      <Filter>Manager\MouseMgr</Filter>
    </ClCompile>
    <ClCompile Include="$(MSBuildThisFileDirectory)KeyMgr.cpp">
      <Filter>Manager\KeyMgr</Filter>
    </ClCompile>
    <ClCompile Include="$(MSBuildThisFileDirectory)SceneMgr.cpp">
      <Filter>Manager\SceneMgr</Filter>
    </ClCompile>
    <ClCompile Include="$(MSBuildThisFileDirectory)Player.cpp">
      <Filter>GameObject\Player</Filter>
    </ClCompile>
    <ClCompile Include="$(MSBuildThisFileDirectory)TransformComponent.cpp">
      <Filter>Component\Transform\Transform</Filter>
    </ClCompile>
    <ClCompile Include="$(MSBuildThisFileDirectory)PlayerTransform.cpp">
      <Filter>Component\Transform\PlayerTransform</Filter>
    </ClCompile>
    <ClCompile Include="$(MSBuildThisFileDirectory)BasicRenderer.cpp">
      <Filter>Component\RenderComponent\BasicRederer</Filter>
    </ClCompile>
    <ClCompile Include="$(MSBuildThisFileDirectory)TimeMgr.cpp">
      <Filter>Manager\TimeMgr</Filter>
    </ClCompile>
    <ClCompile Include="$(MSBuildThisFileDirectory)Scene.cpp">
      <Filter>Scene</Filter>
    </ClCompile>
    <ClCompile Include="$(MSBuildThisFileDirectory)Bitmap.cpp">
      <Filter>Bitmap</Filter>
    </ClCompile>
    <ClCompile Include="$(MSBuildThisFileDirectory)SpriteRenderer.cpp">
      <Filter>Component\RenderComponent\SpriteRenderer</Filter>
    </ClCompile>
    <ClCompile Include="$(MSBuildThisFileDirectory)PathMgr.cpp">
      <Filter>Manager\PathMgr</Filter>
    </ClCompile>
    <ClCompile Include="$(MSBuildThisFileDirectory)ResourceMgr.cpp">
      <Filter>Manager\ResourceMgr</Filter>
    </ClCompile>
    <ClCompile Include="$(MSBuildThisFileDirectory)GameObject.cpp">
      <Filter>GameObject</Filter>
    </ClCompile>
    <ClCompile Include="$(MSBuildThisFileDirectory)Component.cpp">
      <Filter>Component</Filter>
    </ClCompile>
    <ClCompile Include="$(MSBuildThisFileDirectory)Resource.cpp">
      <Filter>Resource</Filter>
    </ClCompile>
    <ClCompile Include="$(MSBuildThisFileDirectory)RenderComponent.cpp">
      <Filter>Component\RenderComponent</Filter>
    </ClCompile>
    <ClCompile Include="$(MSBuildThisFileDirectory)Texture.cpp">
      <Filter>Resource\Texture</Filter>
    </ClCompile>
    <ClCompile Include="$(MSBuildThisFileDirectory)Animator.cpp">
      <Filter>Component\RenderComponent\Animator</Filter>
    </ClCompile>
    <ClCompile Include="$(MSBuildThisFileDirectory)BackGroundRenderer.cpp">
      <Filter>Component\RenderComponent\BackGroundRenderer</Filter>
    </ClCompile>
    <ClCompile Include="$(MSBuildThisFileDirectory)BackGround.cpp">
      <Filter>GameObject\BackGround</Filter>
    </ClCompile>
    <ClCompile Include="$(MSBuildThisFileDirectory)BackGroundTransform.cpp">
      <Filter>Component\Transform\BackGroundTransform</Filter>
    </ClCompile>
  </ItemGroup>
</Project>