<?xml version="1.0" encoding="utf-8"?>
<Project ToolsVersion="4.0" xmlns="http://schemas.microsoft.com/developer/msbuild/2003">
  <ItemGroup>
    <Filter Include="CommonInclude">
      <UniqueIdentifier>{5bc0050c-d82e-4f9c-902e-fa7f2538942b}</UniqueIdentifier>
    </Filter>
    <Filter Include="GameObject">
      <UniqueIdentifier>{56659890-c0be-45f2-8c9b-f2d8935cd014}</UniqueIdentifier>
    </Filter>
    <Filter Include="Component">
      <UniqueIdentifier>{e05a3603-f3c5-4924-9888-2901fa99d16d}</UniqueIdentifier>
    </Filter>
    <Filter Include="Entity">
      <UniqueIdentifier>{8cb449ff-eae7-466b-9577-e0eef8669842}</UniqueIdentifier>
    </Filter>
    <Filter Include="Component\Component">
      <UniqueIdentifier>{31bb2fcb-5823-4fcd-a216-fec424afba9b}</UniqueIdentifier>
    </Filter>
    <Filter Include="MouseMgr">
      <UniqueIdentifier>{68ca8c92-0186-44c2-9703-1e6f582950b2}</UniqueIdentifier>
    </Filter>
    <Filter Include="KeyMgr">
      <UniqueIdentifier>{9542921c-0eb0-4e23-9103-93ef7bde182e}</UniqueIdentifier>
    </Filter>
    <Filter Include="SceneManager">
      <UniqueIdentifier>{0e187777-caee-4d05-98dc-3ebe272a7444}</UniqueIdentifier>
    </Filter>
    <Filter Include="Scene">
      <UniqueIdentifier>{3d24dea4-bf81-4bea-ad5f-2b0596618aa9}</UniqueIdentifier>
    </Filter>
    <Filter Include="Scene\Scene">
      <UniqueIdentifier>{1fc89627-e84e-4611-b434-44b6dc2b92c5}</UniqueIdentifier>
    </Filter>
    <Filter Include="Scene\TestScene">
      <UniqueIdentifier>{59e62a49-2f83-4831-a378-a99d7f653bd0}</UniqueIdentifier>
    </Filter>
    <Filter Include="GameObject\GameObject">
      <UniqueIdentifier>{5e3aa055-65a5-46e3-a999-57822c028f56}</UniqueIdentifier>
    </Filter>
    <Filter Include="GameObject\Player">
      <UniqueIdentifier>{6bd357c0-7bc3-430f-81a0-5f20c6bdea5c}</UniqueIdentifier>
    </Filter>
    <Filter Include="Component\PlayerComponent">
      <UniqueIdentifier>{6204062d-3cf8-4021-86ec-ed5ca6024deb}</UniqueIdentifier>
    </Filter>
    <Filter Include="Component\PlayerComponent\MouseEvent">
      <UniqueIdentifier>{9210592e-34aa-4757-aa08-2b13f6402d96}</UniqueIdentifier>
    </Filter>
    <Filter Include="Component\PlayerComponent\KeyEvent">
      <UniqueIdentifier>{175bbed5-837c-4f06-8825-34c4873f2956}</UniqueIdentifier>
    </Filter>
  </ItemGroup>
  <ItemGroup>
    <ClInclude Include="$(MSBuildThisFileDirectory)Common.h">
      <Filter>CommonInclude</Filter>
    </ClInclude>
    <ClInclude Include="$(MSBuildThisFileDirectory)Application.h" />
    <ClInclude Include="$(MSBuildThisFileDirectory)Entity.h">
      <Filter>Entity</Filter>
    </ClInclude>
    <ClInclude Include="$(MSBuildThisFileDirectory)MouseMgr.h">
      <Filter>MouseMgr</Filter>
    </ClInclude>
    <ClInclude Include="$(MSBuildThisFileDirectory)KeyMgr.h">
      <Filter>KeyMgr</Filter>
    </ClInclude>
    <ClInclude Include="$(MSBuildThisFileDirectory)SceneManager.h">
      <Filter>SceneManager</Filter>
    </ClInclude>
    <ClInclude Include="$(MSBuildThisFileDirectory)Scene.h">
      <Filter>Scene\Scene</Filter>
    </ClInclude>
    <ClInclude Include="$(MSBuildThisFileDirectory)TestScene.h">
      <Filter>Scene\TestScene</Filter>
    </ClInclude>
    <ClInclude Include="$(MSBuildThisFileDirectory)GameObject.h">
      <Filter>GameObject\GameObject</Filter>
    </ClInclude>
    <ClInclude Include="$(MSBuildThisFileDirectory)Player.h">
      <Filter>GameObject\Player</Filter>
    </ClInclude>
    <ClInclude Include="$(MSBuildThisFileDirectory)Component.h">
      <Filter>Component\Component</Filter>
    </ClInclude>
    <ClInclude Include="$(MSBuildThisFileDirectory)PlayerKeyMove.h">
      <Filter>Component\PlayerComponent\KeyEvent</Filter>
    </ClInclude>
  </ItemGroup>
  <ItemGroup>
    <ClCompile Include="$(MSBuildThisFileDirectory)Application.cpp" />
    <ClCompile Include="$(MSBuildThisFileDirectory)Entity.cpp">
      <Filter>Entity</Filter>
    </ClCompile>
    <ClCompile Include="$(MSBuildThisFileDirectory)MouseMgr.cpp">
      <Filter>MouseMgr</Filter>
    </ClCompile>
    <ClCompile Include="$(MSBuildThisFileDirectory)KeyMgr.cpp">
      <Filter>KeyMgr</Filter>
    </ClCompile>
    <ClCompile Include="$(MSBuildThisFileDirectory)SceneManager.cpp">
      <Filter>SceneManager</Filter>
    </ClCompile>
    <ClCompile Include="$(MSBuildThisFileDirectory)Scene.cpp">
      <Filter>Scene\Scene</Filter>
    </ClCompile>
    <ClCompile Include="$(MSBuildThisFileDirectory)TestScene.cpp">
      <Filter>Scene\TestScene</Filter>
    </ClCompile>
    <ClCompile Include="$(MSBuildThisFileDirectory)GameObject.cpp">
      <Filter>GameObject\GameObject</Filter>
    </ClCompile>
    <ClCompile Include="$(MSBuildThisFileDirectory)Player.cpp">
      <Filter>GameObject\Player</Filter>
    </ClCompile>
    <ClCompile Include="$(MSBuildThisFileDirectory)Component.cpp">
      <Filter>Component\Component</Filter>
    </ClCompile>
    <ClCompile Include="$(MSBuildThisFileDirectory)PlayerKeyMove.cpp">
      <Filter>Component\PlayerComponent\KeyEvent</Filter>
    </ClCompile>
  </ItemGroup>
</Project>